{
  "requires": true,
  "lockfileVersion": 1,
  "dependencies": {
    "bootswatch": {
      "version": "4.4.1",
      "resolved": "https://registry.npmjs.org/bootswatch/-/bootswatch-4.4.1.tgz",
      "integrity": "sha512-Kx3z6+3Jpg9g6l/xZBCnc8d6KeJK0QawxCZWOomdcI5AuSZLZb+DoH5X9RJH+cOcSeMAxyzdIjkVUR01+Db5bQ=="
    }
  }
}
